
Microsoft Visual Studio Solution File, Format Version 12.00
# Visual Studio Version 17
VisualStudioVersion = 17.3.32901.215
MinimumVisualStudioVersion = 10.0.40219.1
Project("{9A19103F-16F7-4668-BE54-9A1E7A4F7556}") = "uSync.Migrations", "uSync.Migrations\uSync.Migrations.csproj", "{1268A5AE-2ECF-4E11-BF73-676EE8989003}"
EndProject
Project("{9A19103F-16F7-4668-BE54-9A1E7A4F7556}") = "uSyncMigrationSite", "uSyncMigrationSite\uSyncMigrationSite.csproj", "{56873F94-D27F-4695-90AE-A2BA7A2DF94B}"
EndProject
Project("{9A19103F-16F7-4668-BE54-9A1E7A4F7556}") = "MyMigrations", "MyMigrations\MyMigrations.csproj", "{E8B3C577-70BE-4270-BFB6-DB3C5C3AA01B}"
EndProject
Project("{FAE04EC0-301F-11D3-BF4B-00C04F79EFBC}") = "uSync.Migrations.Tests", "uSync.Migrations.Tests\uSync.Migrations.Tests.csproj", "{1A825499-0129-48D6-BF2D-767E7236FE86}"
EndProject
Global
	GlobalSection(SolutionConfigurationPlatforms) = preSolution
		Debug|Any CPU = Debug|Any CPU
		Release|Any CPU = Release|Any CPU
	EndGlobalSection
	GlobalSection(ProjectConfigurationPlatforms) = postSolution
		{1268A5AE-2ECF-4E11-BF73-676EE8989003}.Debug|Any CPU.ActiveCfg = Debug|Any CPU
		{1268A5AE-2ECF-4E11-BF73-676EE8989003}.Debug|Any CPU.Build.0 = Debug|Any CPU
		{1268A5AE-2ECF-4E11-BF73-676EE8989003}.Release|Any CPU.ActiveCfg = Release|Any CPU
		{1268A5AE-2ECF-4E11-BF73-676EE8989003}.Release|Any CPU.Build.0 = Release|Any CPU
		{56873F94-D27F-4695-90AE-A2BA7A2DF94B}.Debug|Any CPU.ActiveCfg = Debug|Any CPU
		{56873F94-D27F-4695-90AE-A2BA7A2DF94B}.Debug|Any CPU.Build.0 = Debug|Any CPU
		{56873F94-D27F-4695-90AE-A2BA7A2DF94B}.Release|Any CPU.ActiveCfg = Release|Any CPU
		{56873F94-D27F-4695-90AE-A2BA7A2DF94B}.Release|Any CPU.Build.0 = Release|Any CPU
		{E8B3C577-70BE-4270-BFB6-DB3C5C3AA01B}.Debug|Any CPU.ActiveCfg = Debug|Any CPU
		{E8B3C577-70BE-4270-BFB6-DB3C5C3AA01B}.Debug|Any CPU.Build.0 = Debug|Any CPU
		{E8B3C577-70BE-4270-BFB6-DB3C5C3AA01B}.Release|Any CPU.ActiveCfg = Release|Any CPU
		{E8B3C577-70BE-4270-BFB6-DB3C5C3AA01B}.Release|Any CPU.Build.0 = Release|Any CPU
		{1A825499-0129-48D6-BF2D-767E7236FE86}.Debug|Any CPU.ActiveCfg = Debug|Any CPU
		{1A825499-0129-48D6-BF2D-767E7236FE86}.Debug|Any CPU.Build.0 = Debug|Any CPU
		{1A825499-0129-48D6-BF2D-767E7236FE86}.Release|Any CPU.ActiveCfg = Release|Any CPU
		{1A825499-0129-48D6-BF2D-767E7236FE86}.Release|Any CPU.Build.0 = Release|Any CPU
	EndGlobalSection
	GlobalSection(SolutionProperties) = preSolution
		HideSolutionNode = FALSE
	EndGlobalSection
	GlobalSection(ExtensibilityGlobals) = postSolution
		SolutionGuid = {C64D54E8-7CC4-431D-81F4-B2B0A4CC800E}
	EndGlobalSection
EndGlobal
