
Microsoft Visual Studio Solution File, Format Version 12.00
# Visual Studio Version 17
VisualStudioVersion = 17.5.002.0
MinimumVisualStudioVersion = 10.0.40219.1
Project("{9A19103F-16F7-4668-BE54-9A1E7A4F7556}") = "uSyncMigrationSite", "uSyncMigrationSite.csproj", "{26C97441-934F-42B4-A284-661B52281F8F}"
EndProject
Global
	GlobalSection(SolutionConfigurationPlatforms) = preSolution
		Debug|Any CPU = Debug|Any CPU
		Release|Any CPU = Release|Any CPU
	EndGlobalSection
	GlobalSection(ProjectConfigurationPlatforms) = postSolution
		{26C97441-934F-42B4-A284-661B52281F8F}.Debug|Any CPU.ActiveCfg = Debug|Any CPU
		{26C97441-934F-42B4-A284-661B52281F8F}.Debug|Any CPU.Build.0 = Debug|Any CPU
		{26C97441-934F-42B4-A284-661B52281F8F}.Release|Any CPU.ActiveCfg = Release|Any CPU
		{26C97441-934F-42B4-A284-661B52281F8F}.Release|Any CPU.Build.0 = Release|Any CPU
	EndGlobalSection
	GlobalSection(SolutionProperties) = preSolution
		HideSolutionNode = FALSE
	EndGlobalSection
	GlobalSection(ExtensibilityGlobals) = postSolution
		SolutionGuid = {EA09D3F5-B4A9-4735-853A-E851578AE607}
	EndGlobalSection
EndGlobal
